// !$*UTF8*$!
{
	archiveVersion = 1;
	classes = {
	};
	objectVersion = 77;
	objects = {

/* Begin PBXBuildFile section */
		3305F3542DBA2901004278EC /* SnapKit in Frameworks */ = {isa = PBXBuildFile; productRef = 3305F3532DBA2901004278EC /* SnapKit */; };
		33666B762DCB3A800018416D /* AppDelegate.swift in Sources */ = {isa = PBXBuildFile; fileRef = 33666B452DCB3A800018416D /* AppDelegate.swift */; };
		33666B772DCB3A800018416D /* SceneDelegate.swift in Sources */ = {isa = PBXBuildFile; fileRef = 33666B462DCB3A800018416D /* SceneDelegate.swift */; };
		33666B782DCB3A800018416D /* NSAttributedString+.swift in Sources */ = {isa = PBXBuildFile; fileRef = 33666B482DCB3A800018416D /* NSAttributedString+.swift */; };
		33666B792DCB3A800018416D /* String+.swift in Sources */ = {isa = PBXBuildFile; fileRef = 33666B492DCB3A800018416D /* String+.swift */; };
		33666B7A2DCB3A800018416D /* UIButton+.swift in Sources */ = {isa = PBXBuildFile; fileRef = 33666B4A2DCB3A800018416D /* UIButton+.swift */; };
		33666B7B2DCB3A800018416D /* UICollectionViewCell+.swift in Sources */ = {isa = PBXBuildFile; fileRef = 33666B4B2DCB3A800018416D /* UICollectionViewCell+.swift */; };
		33666B7C2DCB3A800018416D /* UITextField+.swift in Sources */ = {isa = PBXBuildFile; fileRef = 33666B4C2DCB3A800018416D /* UITextField+.swift */; };
		33666B7D2DCB3A800018416D /* UIView+.swift in Sources */ = {isa = PBXBuildFile; fileRef = 33666B4D2DCB3A800018416D /* UIView+.swift */; };
		33666B7E2DCB3A800018416D /* LoginViewController.swift in Sources */ = {isa = PBXBuildFile; fileRef = 33666B502DCB3A800018416D /* LoginViewController.swift */; };
		33666B7F2DCB3A800018416D /* NicknameViewController.swift in Sources */ = {isa = PBXBuildFile; fileRef = 33666B512DCB3A800018416D /* NicknameViewController.swift */; };
		33666B802DCB3A800018416D /* WelcomeViewController.swift in Sources */ = {isa = PBXBuildFile; fileRef = 33666B522DCB3A800018416D /* WelcomeViewController.swift */; };
		33666B812DCB3A800018416D /* BaseBallCollectionViewCell.swift in Sources */ = {isa = PBXBuildFile; fileRef = 33666B552DCB3A800018416D /* BaseBallCollectionViewCell.swift */; };
		33666B822DCB3A800018416D /* Beat5CollectionViewCell.swift in Sources */ = {isa = PBXBuildFile; fileRef = 33666B562DCB3A800018416D /* Beat5CollectionViewCell.swift */; };
		33666B832DCB3A800018416D /* PopularityLiveCollectionViewCell.swift in Sources */ = {isa = PBXBuildFile; fileRef = 33666B572DCB3A800018416D /* PopularityLiveCollectionViewCell.swift */; };
		33666B842DCB3A800018416D /* PopularityMovieCollectionViewCell.swift in Sources */ = {isa = PBXBuildFile; fileRef = 33666B582DCB3A800018416D /* PopularityMovieCollectionViewCell.swift */; };
		33666B852DCB3A800018416D /* TodayTvingCollectionViewCell.swift in Sources */ = {isa = PBXBuildFile; fileRef = 33666B592DCB3A800018416D /* TodayTvingCollectionViewCell.swift */; };
		33666B862DCB3A800018416D /* TopTabBarCollectionViewCell.swift in Sources */ = {isa = PBXBuildFile; fileRef = 33666B5A2DCB3A800018416D /* TopTabBarCollectionViewCell.swift */; };
		33666B872DCB3A800018416D /* TvCollectionViewCell.swift in Sources */ = {isa = PBXBuildFile; fileRef = 33666B5B2DCB3A800018416D /* TvCollectionViewCell.swift */; };
		33666B882DCB3A800018416D /* FoooterLabel.swift in Sources */ = {isa = PBXBuildFile; fileRef = 33666B5D2DCB3A800018416D /* FoooterLabel.swift */; };
		33666B892DCB3A800018416D /* NotificationView.swift in Sources */ = {isa = PBXBuildFile; fileRef = 33666B5E2DCB3A800018416D /* NotificationView.swift */; };
		33666B8A2DCB3A800018416D /* TopTabBarView.swift in Sources */ = {isa = PBXBuildFile; fileRef = 33666B5F2DCB3A800018416D /* TopTabBarView.swift */; };
		33666B8B2DCB3A800018416D /* TvingNavigationBar.swift in Sources */ = {isa = PBXBuildFile; fileRef = 33666B602DCB3A800018416D /* TvingNavigationBar.swift */; };
		33666B8C2DCB3A800018416D /* ViewMoreView.swift in Sources */ = {isa = PBXBuildFile; fileRef = 33666B612DCB3A800018416D /* ViewMoreView.swift */; };
		33666B8D2DCB3A800018416D /* DummyViewController.swift in Sources */ = {isa = PBXBuildFile; fileRef = 33666B632DCB3A800018416D /* DummyViewController.swift */; };
		33666B8E2DCB3A800018416D /* HomeViewController.swift in Sources */ = {isa = PBXBuildFile; fileRef = 33666B642DCB3A800018416D /* HomeViewController.swift */; };
		33666B8F2DCB3A800018416D /* CollectionData.swift in Sources */ = {isa = PBXBuildFile; fileRef = 33666B662DCB3A800018416D /* CollectionData.swift */; };
		33666B902DCB3A800018416D /* MainHomeViewController.swift in Sources */ = {isa = PBXBuildFile; fileRef = 33666B672DCB3A800018416D /* MainHomeViewController.swift */; };
		33666B912DCB3A800018416D /* Pretendard-Bold.otf in Resources */ = {isa = PBXBuildFile; fileRef = 33666B6A2DCB3A800018416D /* Pretendard-Bold.otf */; };
		33666B922DCB3A800018416D /* Pretendard-Medium.otf in Resources */ = {isa = PBXBuildFile; fileRef = 33666B6B2DCB3A800018416D /* Pretendard-Medium.otf */; };
		33666B932DCB3A800018416D /* Pretendard-Regular.otf in Resources */ = {isa = PBXBuildFile; fileRef = 33666B6C2DCB3A800018416D /* Pretendard-Regular.otf */; };
		33666B942DCB3A800018416D /* Pretendard-SemiBold.otf in Resources */ = {isa = PBXBuildFile; fileRef = 33666B6D2DCB3A800018416D /* Pretendard-SemiBold.otf */; };
		33666B952DCB3A800018416D /* Assets.xcassets in Resources */ = {isa = PBXBuildFile; fileRef = 33666B6F2DCB3A800018416D /* Assets.xcassets */; };
		33666B962DCB3A800018416D /* Colors.xcassets in Resources */ = {isa = PBXBuildFile; fileRef = 33666B702DCB3A800018416D /* Colors.xcassets */; };
		33666B982DCB3A800018416D /* LaunchScreen.storyboard in Resources */ = {isa = PBXBuildFile; fileRef = 33666B742DCB3A800018416D /* LaunchScreen.storyboard */; };
		339E8CF62DBCA4EA006952A7 /* Then in Frameworks */ = {isa = PBXBuildFile; productRef = 339E8CF52DBCA4EA006952A7 /* Then */; };
/* End PBXBuildFile section */

/* Begin PBXFileReference section */
		3305F2EC2DB9384D004278EC /* TvingClone.app */ = {isa = PBXFileReference; explicitFileType = wrapper.application; includeInIndex = 0; path = TvingClone.app; sourceTree = BUILT_PRODUCTS_DIR; };
		33666B452DCB3A800018416D /* AppDelegate.swift */ = {isa = PBXFileReference; lastKnownFileType = sourcecode.swift; path = AppDelegate.swift; sourceTree = "<group>"; };
		33666B462DCB3A800018416D /* SceneDelegate.swift */ = {isa = PBXFileReference; lastKnownFileType = sourcecode.swift; path = SceneDelegate.swift; sourceTree = "<group>"; };
		33666B482DCB3A800018416D /* NSAttributedString+.swift */ = {isa = PBXFileReference; lastKnownFileType = sourcecode.swift; path = "NSAttributedString+.swift"; sourceTree = "<group>"; };
		33666B492DCB3A800018416D /* String+.swift */ = {isa = PBXFileReference; lastKnownFileType = sourcecode.swift; path = "String+.swift"; sourceTree = "<group>"; };
		33666B4A2DCB3A800018416D /* UIButton+.swift */ = {isa = PBXFileReference; lastKnownFileType = sourcecode.swift; path = "UIButton+.swift"; sourceTree = "<group>"; };
		33666B4B2DCB3A800018416D /* UICollectionViewCell+.swift */ = {isa = PBXFileReference; lastKnownFileType = sourcecode.swift; path = "UICollectionViewCell+.swift"; sourceTree = "<group>"; };
		33666B4C2DCB3A800018416D /* UITextField+.swift */ = {isa = PBXFileReference; lastKnownFileType = sourcecode.swift; path = "UITextField+.swift"; sourceTree = "<group>"; };
		33666B4D2DCB3A800018416D /* UIView+.swift */ = {isa = PBXFileReference; lastKnownFileType = sourcecode.swift; path = "UIView+.swift"; sourceTree = "<group>"; };
		33666B502DCB3A800018416D /* LoginViewController.swift */ = {isa = PBXFileReference; lastKnownFileType = sourcecode.swift; path = LoginViewController.swift; sourceTree = "<group>"; };
		33666B512DCB3A800018416D /* NicknameViewController.swift */ = {isa = PBXFileReference; lastKnownFileType = sourcecode.swift; path = NicknameViewController.swift; sourceTree = "<group>"; };
		33666B522DCB3A800018416D /* WelcomeViewController.swift */ = {isa = PBXFileReference; lastKnownFileType = sourcecode.swift; path = WelcomeViewController.swift; sourceTree = "<group>"; };
		33666B552DCB3A800018416D /* BaseBallCollectionViewCell.swift */ = {isa = PBXFileReference; lastKnownFileType = sourcecode.swift; path = BaseBallCollectionViewCell.swift; sourceTree = "<group>"; };
		33666B562DCB3A800018416D /* Beat5CollectionViewCell.swift */ = {isa = PBXFileReference; lastKnownFileType = sourcecode.swift; path = Beat5CollectionViewCell.swift; sourceTree = "<group>"; };
		33666B572DCB3A800018416D /* PopularityLiveCollectionViewCell.swift */ = {isa = PBXFileReference; lastKnownFileType = sourcecode.swift; path = PopularityLiveCollectionViewCell.swift; sourceTree = "<group>"; };
		33666B582DCB3A800018416D /* PopularityMovieCollectionViewCell.swift */ = {isa = PBXFileReference; lastKnownFileType = sourcecode.swift; path = PopularityMovieCollectionViewCell.swift; sourceTree = "<group>"; };
		33666B592DCB3A800018416D /* TodayTvingCollectionViewCell.swift */ = {isa = PBXFileReference; lastKnownFileType = sourcecode.swift; path = TodayTvingCollectionViewCell.swift; sourceTree = "<group>"; };
		33666B5A2DCB3A800018416D /* TopTabBarCollectionViewCell.swift */ = {isa = PBXFileReference; lastKnownFileType = sourcecode.swift; path = TopTabBarCollectionViewCell.swift; sourceTree = "<group>"; };
		33666B5B2DCB3A800018416D /* TvCollectionViewCell.swift */ = {isa = PBXFileReference; lastKnownFileType = sourcecode.swift; path = TvCollectionViewCell.swift; sourceTree = "<group>"; };
		33666B5D2DCB3A800018416D /* FoooterLabel.swift */ = {isa = PBXFileReference; lastKnownFileType = sourcecode.swift; path = FoooterLabel.swift; sourceTree = "<group>"; };
		33666B5E2DCB3A800018416D /* NotificationView.swift */ = {isa = PBXFileReference; lastKnownFileType = sourcecode.swift; path = NotificationView.swift; sourceTree = "<group>"; };
		33666B5F2DCB3A800018416D /* TopTabBarView.swift */ = {isa = PBXFileReference; lastKnownFileType = sourcecode.swift; path = TopTabBarView.swift; sourceTree = "<group>"; };
		33666B602DCB3A800018416D /* TvingNavigationBar.swift */ = {isa = PBXFileReference; lastKnownFileType = sourcecode.swift; path = TvingNavigationBar.swift; sourceTree = "<group>"; };
		33666B612DCB3A800018416D /* ViewMoreView.swift */ = {isa = PBXFileReference; lastKnownFileType = sourcecode.swift; path = ViewMoreView.swift; sourceTree = "<group>"; };
		33666B632DCB3A800018416D /* DummyViewController.swift */ = {isa = PBXFileReference; lastKnownFileType = sourcecode.swift; path = DummyViewController.swift; sourceTree = "<group>"; };
		33666B642DCB3A800018416D /* HomeViewController.swift */ = {isa = PBXFileReference; lastKnownFileType = sourcecode.swift; path = HomeViewController.swift; sourceTree = "<group>"; };
		33666B662DCB3A800018416D /* CollectionData.swift */ = {isa = PBXFileReference; lastKnownFileType = sourcecode.swift; path = CollectionData.swift; sourceTree = "<group>"; };
		33666B672DCB3A800018416D /* MainHomeViewController.swift */ = {isa = PBXFileReference; lastKnownFileType = sourcecode.swift; path = MainHomeViewController.swift; sourceTree = "<group>"; };
		33666B6A2DCB3A800018416D /* Pretendard-Bold.otf */ = {isa = PBXFileReference; lastKnownFileType = file; path = "Pretendard-Bold.otf"; sourceTree = "<group>"; };
		33666B6B2DCB3A800018416D /* Pretendard-Medium.otf */ = {isa = PBXFileReference; lastKnownFileType = file; path = "Pretendard-Medium.otf"; sourceTree = "<group>"; };
		33666B6C2DCB3A800018416D /* Pretendard-Regular.otf */ = {isa = PBXFileReference; lastKnownFileType = file; path = "Pretendard-Regular.otf"; sourceTree = "<group>"; };
		33666B6D2DCB3A800018416D /* Pretendard-SemiBold.otf */ = {isa = PBXFileReference; lastKnownFileType = file; path = "Pretendard-SemiBold.otf"; sourceTree = "<group>"; };
		33666B6F2DCB3A800018416D /* Assets.xcassets */ = {isa = PBXFileReference; lastKnownFileType = folder.assetcatalog; path = Assets.xcassets; sourceTree = "<group>"; };
		33666B702DCB3A800018416D /* Colors.xcassets */ = {isa = PBXFileReference; lastKnownFileType = folder.assetcatalog; path = Colors.xcassets; sourceTree = "<group>"; };
		33666B722DCB3A800018416D /* Info.plist */ = {isa = PBXFileReference; lastKnownFileType = text.plist.xml; path = Info.plist; sourceTree = "<group>"; };
		33666B732DCB3A800018416D /* Base */ = {isa = PBXFileReference; lastKnownFileType = file.storyboard; name = Base; path = Base.lproj/LaunchScreen.storyboard; sourceTree = "<group>"; };
/* End PBXFileReference section */

/* Begin PBXFrameworksBuildPhase section */
		3305F2E92DB9384D004278EC /* Frameworks */ = {
			isa = PBXFrameworksBuildPhase;
			buildActionMask = 2147483647;
			files = (
				3305F3542DBA2901004278EC /* SnapKit in Frameworks */,
				339E8CF62DBCA4EA006952A7 /* Then in Frameworks */,
			);
			runOnlyForDeploymentPostprocessing = 0;
		};
/* End PBXFrameworksBuildPhase section */

/* Begin PBXGroup section */
		3305F2E32DB9384D004278EC = {
			isa = PBXGroup;
			children = (
				33666B752DCB3A800018416D /* TvingClone */,
				3305F2ED2DB9384D004278EC /* Products */,
			);
			sourceTree = "<group>";
		};
		3305F2ED2DB9384D004278EC /* Products */ = {
			isa = PBXGroup;
			children = (
				3305F2EC2DB9384D004278EC /* TvingClone.app */,
			);
			name = Products;
			sourceTree = "<group>";
		};
		33666B472DCB3A800018416D /* Application */ = {
			isa = PBXGroup;
			children = (
				33666B452DCB3A800018416D /* AppDelegate.swift */,
				33666B462DCB3A800018416D /* SceneDelegate.swift */,
			);
			path = Application;
			sourceTree = "<group>";
		};
		33666B4E2DCB3A800018416D /* Extentions */ = {
			isa = PBXGroup;
			children = (
				33666B482DCB3A800018416D /* NSAttributedString+.swift */,
				33666B492DCB3A800018416D /* String+.swift */,
				33666B4A2DCB3A800018416D /* UIButton+.swift */,
				33666B4B2DCB3A800018416D /* UICollectionViewCell+.swift */,
				33666B4C2DCB3A800018416D /* UITextField+.swift */,
				33666B4D2DCB3A800018416D /* UIView+.swift */,
			);
			path = Extentions;
			sourceTree = "<group>";
		};
		33666B4F2DCB3A800018416D /* Global */ = {
			isa = PBXGroup;
			children = (
				33666B4E2DCB3A800018416D /* Extentions */,
			);
			path = Global;
			sourceTree = "<group>";
		};
		33666B532DCB3A800018416D /* ViewController */ = {
			isa = PBXGroup;
			children = (
				33666B502DCB3A800018416D /* LoginViewController.swift */,
				33666B512DCB3A800018416D /* NicknameViewController.swift */,
				33666B522DCB3A800018416D /* WelcomeViewController.swift */,
			);
			path = ViewController;
			sourceTree = "<group>";
		};
		33666B542DCB3A800018416D /* Login */ = {
			isa = PBXGroup;
			children = (
				33666B532DCB3A800018416D /* ViewController */,
			);
			path = Login;
			sourceTree = "<group>";
		};
		33666B5C2DCB3A800018416D /* Cell */ = {
			isa = PBXGroup;
			children = (
				33666B552DCB3A800018416D /* BaseBallCollectionViewCell.swift */,
				33666B562DCB3A800018416D /* Beat5CollectionViewCell.swift */,
				33666B572DCB3A800018416D /* PopularityLiveCollectionViewCell.swift */,
				33666B582DCB3A800018416D /* PopularityMovieCollectionViewCell.swift */,
				33666B592DCB3A800018416D /* TodayTvingCollectionViewCell.swift */,
				33666B5A2DCB3A800018416D /* TopTabBarCollectionViewCell.swift */,
				33666B5B2DCB3A800018416D /* TvCollectionViewCell.swift */,
			);
			path = Cell;
			sourceTree = "<group>";
		};
		33666B622DCB3A800018416D /* View */ = {
			isa = PBXGroup;
			children = (
				33666B5D2DCB3A800018416D /* FoooterLabel.swift */,
				33666B5E2DCB3A800018416D /* NotificationView.swift */,
				33666B5F2DCB3A800018416D /* TopTabBarView.swift */,
				33666B602DCB3A800018416D /* TvingNavigationBar.swift */,
				33666B612DCB3A800018416D /* ViewMoreView.swift */,
			);
			path = View;
			sourceTree = "<group>";
		};
		33666B652DCB3A800018416D /* ViewController */ = {
			isa = PBXGroup;
			children = (
				33666B632DCB3A800018416D /* DummyViewController.swift */,
				33666B642DCB3A800018416D /* HomeViewController.swift */,
			);
			path = ViewController;
			sourceTree = "<group>";
		};
		33666B682DCB3A800018416D /* Main */ = {
			isa = PBXGroup;
			children = (
				33666B5C2DCB3A800018416D /* Cell */,
				33666B622DCB3A800018416D /* View */,
				33666B652DCB3A800018416D /* ViewController */,
				33666B662DCB3A800018416D /* CollectionData.swift */,
				33666B672DCB3A800018416D /* MainHomeViewController.swift */,
			);
			path = Main;
			sourceTree = "<group>";
		};
		33666B692DCB3A800018416D /* Presentation */ = {
			isa = PBXGroup;
			children = (
				33666B542DCB3A800018416D /* Login */,
				33666B682DCB3A800018416D /* Main */,
			);
			path = Presentation;
			sourceTree = "<group>";
		};
		33666B6E2DCB3A800018416D /* Font */ = {
			isa = PBXGroup;
			children = (
				33666B6A2DCB3A800018416D /* Pretendard-Bold.otf */,
				33666B6B2DCB3A800018416D /* Pretendard-Medium.otf */,
				33666B6C2DCB3A800018416D /* Pretendard-Regular.otf */,
				33666B6D2DCB3A800018416D /* Pretendard-SemiBold.otf */,
			);
			path = Font;
			sourceTree = "<group>";
		};
		33666B712DCB3A800018416D /* Resource */ = {
			isa = PBXGroup;
			children = (
				33666B6E2DCB3A800018416D /* Font */,
				33666B6F2DCB3A800018416D /* Assets.xcassets */,
				33666B702DCB3A800018416D /* Colors.xcassets */,
			);
			path = Resource;
			sourceTree = "<group>";
		};
		33666B752DCB3A800018416D /* TvingClone */ = {
			isa = PBXGroup;
			children = (
				33666B472DCB3A800018416D /* Application */,
				33666B4F2DCB3A800018416D /* Global */,
				33666B692DCB3A800018416D /* Presentation */,
				33666B712DCB3A800018416D /* Resource */,
				33666B722DCB3A800018416D /* Info.plist */,
				33666B742DCB3A800018416D /* LaunchScreen.storyboard */,
			);
			path = TvingClone;
			sourceTree = "<group>";
		};
/* End PBXGroup section */

/* Begin PBXNativeTarget section */
		3305F2EB2DB9384D004278EC /* TvingClone */ = {
			isa = PBXNativeTarget;
			buildConfigurationList = 3305F2FF2DB93850004278EC /* Build configuration list for PBXNativeTarget "TvingClone" */;
			buildPhases = (
				3305F2E82DB9384D004278EC /* Sources */,
				3305F2E92DB9384D004278EC /* Frameworks */,
				3305F2EA2DB9384D004278EC /* Resources */,
			);
			buildRules = (
			);
			dependencies = (
			);
			name = TvingClone;
			packageProductDependencies = (
				3305F3532DBA2901004278EC /* SnapKit */,
				339E8CF52DBCA4EA006952A7 /* Then */,
			);
			productName = TvingClone;
			productReference = 3305F2EC2DB9384D004278EC /* TvingClone.app */;
			productType = "com.apple.product-type.application";
		};
/* End PBXNativeTarget section */

/* Begin PBXProject section */
		3305F2E42DB9384D004278EC /* Project object */ = {
			isa = PBXProject;
			attributes = {
				BuildIndependentTargetsInParallel = 1;
				LastSwiftUpdateCheck = 1610;
				LastUpgradeCheck = 1610;
				TargetAttributes = {
					3305F2EB2DB9384D004278EC = {
						CreatedOnToolsVersion = 16.1;
					};
				};
			};
			buildConfigurationList = 3305F2E72DB9384D004278EC /* Build configuration list for PBXProject "TvingClone" */;
			developmentRegion = en;
			hasScannedForEncodings = 0;
			knownRegions = (
				en,
				Base,
			);
			mainGroup = 3305F2E32DB9384D004278EC;
			minimizedProjectReferenceProxies = 1;
			packageReferences = (
				3305F3522DBA2901004278EC /* XCRemoteSwiftPackageReference "SnapKit" */,
				339E8CF42DBCA4EA006952A7 /* XCRemoteSwiftPackageReference "Then" */,
			);
			preferredProjectObjectVersion = 77;
			productRefGroup = 3305F2ED2DB9384D004278EC /* Products */;
			projectDirPath = "";
			projectRoot = "";
			targets = (
				3305F2EB2DB9384D004278EC /* TvingClone */,
			);
		};
/* End PBXProject section */

/* Begin PBXResourcesBuildPhase section */
		3305F2EA2DB9384D004278EC /* Resources */ = {
			isa = PBXResourcesBuildPhase;
			buildActionMask = 2147483647;
			files = (
				33666B912DCB3A800018416D /* Pretendard-Bold.otf in Resources */,
				33666B922DCB3A800018416D /* Pretendard-Medium.otf in Resources */,
				33666B932DCB3A800018416D /* Pretendard-Regular.otf in Resources */,
				33666B942DCB3A800018416D /* Pretendard-SemiBold.otf in Resources */,
				33666B952DCB3A800018416D /* Assets.xcassets in Resources */,
				33666B962DCB3A800018416D /* Colors.xcassets in Resources */,
				33666B982DCB3A800018416D /* LaunchScreen.storyboard in Resources */,
			);
			runOnlyForDeploymentPostprocessing = 0;
		};
/* End PBXResourcesBuildPhase section */

/* Begin PBXSourcesBuildPhase section */
		3305F2E82DB9384D004278EC /* Sources */ = {
			isa = PBXSourcesBuildPhase;
			buildActionMask = 2147483647;
			files = (
				33666B762DCB3A800018416D /* AppDelegate.swift in Sources */,
				33666B772DCB3A800018416D /* SceneDelegate.swift in Sources */,
				33666B782DCB3A800018416D /* NSAttributedString+.swift in Sources */,
				33666B792DCB3A800018416D /* String+.swift in Sources */,
				33666B7A2DCB3A800018416D /* UIButton+.swift in Sources */,
				33666B7B2DCB3A800018416D /* UICollectionViewCell+.swift in Sources */,
				33666B7C2DCB3A800018416D /* UITextField+.swift in Sources */,
				33666B7D2DCB3A800018416D /* UIView+.swift in Sources */,
				33666B7E2DCB3A800018416D /* LoginViewController.swift in Sources */,
				33666B7F2DCB3A800018416D /* NicknameViewController.swift in Sources */,
				33666B802DCB3A800018416D /* WelcomeViewController.swift in Sources */,
				33666B812DCB3A800018416D /* BaseBallCollectionViewCell.swift in Sources */,
				33666B822DCB3A800018416D /* Beat5CollectionViewCell.swift in Sources */,
				33666B832DCB3A800018416D /* PopularityLiveCollectionViewCell.swift in Sources */,
				33666B842DCB3A800018416D /* PopularityMovieCollectionViewCell.swift in Sources */,
				33666B852DCB3A800018416D /* TodayTvingCollectionViewCell.swift in Sources */,
				33666B862DCB3A800018416D /* TopTabBarCollectionViewCell.swift in Sources */,
				33666B872DCB3A800018416D /* TvCollectionViewCell.swift in Sources */,
				33666B882DCB3A800018416D /* FoooterLabel.swift in Sources */,
				33666B892DCB3A800018416D /* NotificationView.swift in Sources */,
				33666B8A2DCB3A800018416D /* TopTabBarView.swift in Sources */,
				33666B8B2DCB3A800018416D /* TvingNavigationBar.swift in Sources */,
				33666B8C2DCB3A800018416D /* ViewMoreView.swift in Sources */,
				33666B8D2DCB3A800018416D /* DummyViewController.swift in Sources */,
				33666B8E2DCB3A800018416D /* HomeViewController.swift in Sources */,
				33666B8F2DCB3A800018416D /* CollectionData.swift in Sources */,
				33666B902DCB3A800018416D /* MainHomeViewController.swift in Sources */,
			);
			runOnlyForDeploymentPostprocessing = 0;
		};
/* End PBXSourcesBuildPhase section */

/* Begin PBXVariantGroup section */
		33666B742DCB3A800018416D /* LaunchScreen.storyboard */ = {
			isa = PBXVariantGroup;
			children = (
				33666B732DCB3A800018416D /* Base */,
			);
			name = LaunchScreen.storyboard;
			sourceTree = "<group>";
		};
/* End PBXVariantGroup section */

/* Begin XCBuildConfiguration section */
		3305F3002DB93850004278EC /* Debug */ = {
			isa = XCBuildConfiguration;
			buildSettings = {
				ASSETCATALOG_COMPILER_APPICON_NAME = AppIcon;
				ASSETCATALOG_COMPILER_GLOBAL_ACCENT_COLOR_NAME = AccentColor;
				CODE_SIGN_STYLE = Automatic;
				CURRENT_PROJECT_VERSION = 1;
				GENERATE_INFOPLIST_FILE = YES;
				INFOPLIST_FILE = TvingClone/Info.plist;
				INFOPLIST_KEY_UIApplicationSupportsIndirectInputEvents = YES;
				INFOPLIST_KEY_UILaunchStoryboardName = LaunchScreen;
				INFOPLIST_KEY_UISupportedInterfaceOrientations_iPad = "UIInterfaceOrientationPortrait UIInterfaceOrientationPortraitUpsideDown UIInterfaceOrientationLandscapeLeft UIInterfaceOrientationLandscapeRight";
				INFOPLIST_KEY_UISupportedInterfaceOrientations_iPhone = "UIInterfaceOrientationPortrait UIInterfaceOrientationLandscapeLeft UIInterfaceOrientationLandscapeRight";
				LD_RUNPATH_SEARCH_PATHS = (
					"$(inherited)",
					"@executable_path/Frameworks",
				);
				MARKETING_VERSION = 1.0;
				PRODUCT_BUNDLE_IDENTIFIER = com.nayeon.TvingClone;
				PRODUCT_NAME = "$(TARGET_NAME)";
				SWIFT_EMIT_LOC_STRINGS = YES;
				SWIFT_VERSION = 5.0;
				TARGETED_DEVICE_FAMILY = "1,2";
			};
			name = Debug;
		};
		3305F3012DB93850004278EC /* Release */ = {
			isa = XCBuildConfiguration;
			buildSettings = {
				ASSETCATALOG_COMPILER_APPICON_NAME = AppIcon;
				ASSETCATALOG_COMPILER_GLOBAL_ACCENT_COLOR_NAME = AccentColor;
				CODE_SIGN_STYLE = Automatic;
				CURRENT_PROJECT_VERSION = 1;
				GENERATE_INFOPLIST_FILE = YES;
				INFOPLIST_FILE = TvingClone/Info.plist;
				INFOPLIST_KEY_UIApplicationSupportsIndirectInputEvents = YES;
				INFOPLIST_KEY_UILaunchStoryboardName = LaunchScreen;
				INFOPLIST_KEY_UISupportedInterfaceOrientations_iPad = "UIInterfaceOrientationPortrait UIInterfaceOrientationPortraitUpsideDown UIInterfaceOrientationLandscapeLeft UIInterfaceOrientationLandscapeRight";
				INFOPLIST_KEY_UISupportedInterfaceOrientations_iPhone = "UIInterfaceOrientationPortrait UIInterfaceOrientationLandscapeLeft UIInterfaceOrientationLandscapeRight";
				LD_RUNPATH_SEARCH_PATHS = (
					"$(inherited)",
					"@executable_path/Frameworks",
				);
				MARKETING_VERSION = 1.0;
				PRODUCT_BUNDLE_IDENTIFIER = com.nayeon.TvingClone;
				PRODUCT_NAME = "$(TARGET_NAME)";
				SWIFT_EMIT_LOC_STRINGS = YES;
				SWIFT_VERSION = 5.0;
				TARGETED_DEVICE_FAMILY = "1,2";
			};
			name = Release;
		};
		3305F3022DB93850004278EC /* Debug */ = {
			isa = XCBuildConfiguration;
			buildSettings = {
				ALWAYS_SEARCH_USER_PATHS = NO;
				ASSETCATALOG_COMPILER_GENERATE_SWIFT_ASSET_SYMBOL_EXTENSIONS = YES;
				CLANG_ANALYZER_NONNULL = YES;
				CLANG_ANALYZER_NUMBER_OBJECT_CONVERSION = YES_AGGRESSIVE;
				CLANG_CXX_LANGUAGE_STANDARD = "gnu++20";
				CLANG_ENABLE_MODULES = YES;
				CLANG_ENABLE_OBJC_ARC = YES;
				CLANG_ENABLE_OBJC_WEAK = YES;
				CLANG_WARN_BLOCK_CAPTURE_AUTORELEASING = YES;
				CLANG_WARN_BOOL_CONVERSION = YES;
				CLANG_WARN_COMMA = YES;
				CLANG_WARN_CONSTANT_CONVERSION = YES;
				CLANG_WARN_DEPRECATED_OBJC_IMPLEMENTATIONS = YES;
				CLANG_WARN_DIRECT_OBJC_ISA_USAGE = YES_ERROR;
				CLANG_WARN_DOCUMENTATION_COMMENTS = YES;
				CLANG_WARN_EMPTY_BODY = YES;
				CLANG_WARN_ENUM_CONVERSION = YES;
				CLANG_WARN_INFINITE_RECURSION = YES;
				CLANG_WARN_INT_CONVERSION = YES;
				CLANG_WARN_NON_LITERAL_NULL_CONVERSION = YES;
				CLANG_WARN_OBJC_IMPLICIT_RETAIN_SELF = YES;
				CLANG_WARN_OBJC_LITERAL_CONVERSION = YES;
				CLANG_WARN_OBJC_ROOT_CLASS = YES_ERROR;
				CLANG_WARN_QUOTED_INCLUDE_IN_FRAMEWORK_HEADER = YES;
				CLANG_WARN_RANGE_LOOP_ANALYSIS = YES;
				CLANG_WARN_STRICT_PROTOTYPES = YES;
				CLANG_WARN_SUSPICIOUS_MOVE = YES;
				CLANG_WARN_UNGUARDED_AVAILABILITY = YES_AGGRESSIVE;
				CLANG_WARN_UNREACHABLE_CODE = YES;
				CLANG_WARN__DUPLICATE_METHOD_MATCH = YES;
				COPY_PHASE_STRIP = NO;
				DEBUG_INFORMATION_FORMAT = dwarf;
				ENABLE_STRICT_OBJC_MSGSEND = YES;
				ENABLE_TESTABILITY = YES;
				ENABLE_USER_SCRIPT_SANDBOXING = YES;
				GCC_C_LANGUAGE_STANDARD = gnu17;
				GCC_DYNAMIC_NO_PIC = NO;
				GCC_NO_COMMON_BLOCKS = YES;
				GCC_OPTIMIZATION_LEVEL = 0;
				GCC_PREPROCESSOR_DEFINITIONS = (
					"DEBUG=1",
					"$(inherited)",
				);
				GCC_WARN_64_TO_32_BIT_CONVERSION = YES;
				GCC_WARN_ABOUT_RETURN_TYPE = YES_ERROR;
				GCC_WARN_UNDECLARED_SELECTOR = YES;
				GCC_WARN_UNINITIALIZED_AUTOS = YES_AGGRESSIVE;
				GCC_WARN_UNUSED_FUNCTION = YES;
				GCC_WARN_UNUSED_VARIABLE = YES;
				IPHONEOS_DEPLOYMENT_TARGET = 18.1;
				LOCALIZATION_PREFERS_STRING_CATALOGS = YES;
				MTL_ENABLE_DEBUG_INFO = INCLUDE_SOURCE;
				MTL_FAST_MATH = YES;
				ONLY_ACTIVE_ARCH = YES;
				SDKROOT = iphoneos;
				SWIFT_ACTIVE_COMPILATION_CONDITIONS = "DEBUG $(inherited)";
				SWIFT_OPTIMIZATION_LEVEL = "-Onone";
			};
			name = Debug;
		};
		3305F3032DB93850004278EC /* Release */ = {
			isa = XCBuildConfiguration;
			buildSettings = {
				ALWAYS_SEARCH_USER_PATHS = NO;
				ASSETCATALOG_COMPILER_GENERATE_SWIFT_ASSET_SYMBOL_EXTENSIONS = YES;
				CLANG_ANALYZER_NONNULL = YES;
				CLANG_ANALYZER_NUMBER_OBJECT_CONVERSION = YES_AGGRESSIVE;
				CLANG_CXX_LANGUAGE_STANDARD = "gnu++20";
				CLANG_ENABLE_MODULES = YES;
				CLANG_ENABLE_OBJC_ARC = YES;
				CLANG_ENABLE_OBJC_WEAK = YES;
				CLANG_WARN_BLOCK_CAPTURE_AUTORELEASING = YES;
				CLANG_WARN_BOOL_CONVERSION = YES;
				CLANG_WARN_COMMA = YES;
				CLANG_WARN_CONSTANT_CONVERSION = YES;
				CLANG_WARN_DEPRECATED_OBJC_IMPLEMENTATIONS = YES;
				CLANG_WARN_DIRECT_OBJC_ISA_USAGE = YES_ERROR;
				CLANG_WARN_DOCUMENTATION_COMMENTS = YES;
				CLANG_WARN_EMPTY_BODY = YES;
				CLANG_WARN_ENUM_CONVERSION = YES;
				CLANG_WARN_INFINITE_RECURSION = YES;
				CLANG_WARN_INT_CONVERSION = YES;
				CLANG_WARN_NON_LITERAL_NULL_CONVERSION = YES;
				CLANG_WARN_OBJC_IMPLICIT_RETAIN_SELF = YES;
				CLANG_WARN_OBJC_LITERAL_CONVERSION = YES;
				CLANG_WARN_OBJC_ROOT_CLASS = YES_ERROR;
				CLANG_WARN_QUOTED_INCLUDE_IN_FRAMEWORK_HEADER = YES;
				CLANG_WARN_RANGE_LOOP_ANALYSIS = YES;
				CLANG_WARN_STRICT_PROTOTYPES = YES;
				CLANG_WARN_SUSPICIOUS_MOVE = YES;
				CLANG_WARN_UNGUARDED_AVAILABILITY = YES_AGGRESSIVE;
				CLANG_WARN_UNREACHABLE_CODE = YES;
				CLANG_WARN__DUPLICATE_METHOD_MATCH = YES;
				COPY_PHASE_STRIP = NO;
				DEBUG_INFORMATION_FORMAT = "dwarf-with-dsym";
				ENABLE_NS_ASSERTIONS = NO;
				ENABLE_STRICT_OBJC_MSGSEND = YES;
				ENABLE_USER_SCRIPT_SANDBOXING = YES;
				GCC_C_LANGUAGE_STANDARD = gnu17;
				GCC_NO_COMMON_BLOCKS = YES;
				GCC_WARN_64_TO_32_BIT_CONVERSION = YES;
				GCC_WARN_ABOUT_RETURN_TYPE = YES_ERROR;
				GCC_WARN_UNDECLARED_SELECTOR = YES;
				GCC_WARN_UNINITIALIZED_AUTOS = YES_AGGRESSIVE;
				GCC_WARN_UNUSED_FUNCTION = YES;
				GCC_WARN_UNUSED_VARIABLE = YES;
				IPHONEOS_DEPLOYMENT_TARGET = 18.1;
				LOCALIZATION_PREFERS_STRING_CATALOGS = YES;
				MTL_ENABLE_DEBUG_INFO = NO;
				MTL_FAST_MATH = YES;
				SDKROOT = iphoneos;
				SWIFT_COMPILATION_MODE = wholemodule;
				VALIDATE_PRODUCT = YES;
			};
			name = Release;
		};
/* End XCBuildConfiguration section */

/* Begin XCConfigurationList section */
		3305F2E72DB9384D004278EC /* Build configuration list for PBXProject "TvingClone" */ = {
			isa = XCConfigurationList;
			buildConfigurations = (
				3305F3022DB93850004278EC /* Debug */,
				3305F3032DB93850004278EC /* Release */,
			);
			defaultConfigurationIsVisible = 0;
			defaultConfigurationName = Release;
		};
		3305F2FF2DB93850004278EC /* Build configuration list for PBXNativeTarget "TvingClone" */ = {
			isa = XCConfigurationList;
			buildConfigurations = (
				3305F3002DB93850004278EC /* Debug */,
				3305F3012DB93850004278EC /* Release */,
			);
			defaultConfigurationIsVisible = 0;
			defaultConfigurationName = Release;
		};
/* End XCConfigurationList section */

/* Begin XCRemoteSwiftPackageReference section */
		3305F3522DBA2901004278EC /* XCRemoteSwiftPackageReference "SnapKit" */ = {
			isa = XCRemoteSwiftPackageReference;
			repositoryURL = "https://github.com/SnapKit/SnapKit";
			requirement = {
				kind = upToNextMajorVersion;
				minimumVersion = 5.7.1;
			};
		};
		339E8CF42DBCA4EA006952A7 /* XCRemoteSwiftPackageReference "Then" */ = {
			isa = XCRemoteSwiftPackageReference;
			repositoryURL = "https://github.com/devxoul/Then.git";
			requirement = {
				kind = upToNextMajorVersion;
				minimumVersion = 3.0.0;
			};
		};
/* End XCRemoteSwiftPackageReference section */

/* Begin XCSwiftPackageProductDependency section */
		3305F3532DBA2901004278EC /* SnapKit */ = {
			isa = XCSwiftPackageProductDependency;
			package = 3305F3522DBA2901004278EC /* XCRemoteSwiftPackageReference "SnapKit" */;
			productName = SnapKit;
		};
		339E8CF52DBCA4EA006952A7 /* Then */ = {
			isa = XCSwiftPackageProductDependency;
			package = 339E8CF42DBCA4EA006952A7 /* XCRemoteSwiftPackageReference "Then" */;
			productName = Then;
		};
/* End XCSwiftPackageProductDependency section */
	};
	rootObject = 3305F2E42DB9384D004278EC /* Project object */;
}
